
Microsoft Visual Studio Solution File, Format Version 12.00
# Visual Studio 15
VisualStudioVersion = 15.0.26730.16
MinimumVisualStudioVersion = 10.0.40219.1
Project("{FAE04EC0-301F-11D3-BF4B-00C04F79EFBC}") = "App11.Android", "App11\App11.Android\App11.Android.csproj", "{45E48E5F-26A8-4A90-A57B-2464D336ABAF}"
EndProject
Project("{FAE04EC0-301F-11D3-BF4B-00C04F79EFBC}") = "App11", "App11\App11\App11.csproj", "{AF7B2403-20CE-4776-A917-3EA8D7AACD8B}"
EndProject
Project("{FAE04EC0-301F-11D3-BF4B-00C04F79EFBC}") = "App11.UWP", "App11\App11.UWP\App11.UWP.csproj", "{A9862BFA-0D0D-48C7-98D7-3BF1C4FDCDFC}"
EndProject
Project("{FAE04EC0-301F-11D3-BF4B-00C04F79EFBC}") = "App11.iOS", "App11\App11.iOS\App11.iOS.csproj", "{C82D6629-388F-4100-9F84-3C040F4393AD}"
EndProject
Global
	GlobalSection(SolutionConfigurationPlatforms) = preSolution
		Ad-Hoc|Any CPU = Ad-Hoc|Any CPU
		Ad-Hoc|ARM = Ad-Hoc|ARM
		Ad-Hoc|iPhone = Ad-Hoc|iPhone
		Ad-Hoc|iPhoneSimulator = Ad-Hoc|iPhoneSimulator
		Ad-Hoc|x64 = Ad-Hoc|x64
		Ad-Hoc|x86 = Ad-Hoc|x86
		AppStore|Any CPU = AppStore|Any CPU
		AppStore|ARM = AppStore|ARM
		AppStore|iPhone = AppStore|iPhone
		AppStore|iPhoneSimulator = AppStore|iPhoneSimulator
		AppStore|x64 = AppStore|x64
		AppStore|x86 = AppStore|x86
		Debug|Any CPU = Debug|Any CPU
		Debug|ARM = Debug|ARM
		Debug|iPhone = Debug|iPhone
		Debug|iPhoneSimulator = Debug|iPhoneSimulator
		Debug|x64 = Debug|x64
		Debug|x86 = Debug|x86
		Release|Any CPU = Release|Any CPU
		Release|ARM = Release|ARM
		Release|iPhone = Release|iPhone
		Release|iPhoneSimulator = Release|iPhoneSimulator
		Release|x64 = Release|x64
		Release|x86 = Release|x86
	EndGlobalSection
	GlobalSection(ProjectConfigurationPlatforms) = postSolution
		{45E48E5F-26A8-4A90-A57B-2464D336ABAF}.Ad-Hoc|Any CPU.ActiveCfg = Release|Any CPU
		{45E48E5F-26A8-4A90-A57B-2464D336ABAF}.Ad-Hoc|Any CPU.Build.0 = Release|Any CPU
		{45E48E5F-26A8-4A90-A57B-2464D336ABAF}.Ad-Hoc|Any CPU.Deploy.0 = Release|Any CPU
		{45E48E5F-26A8-4A90-A57B-2464D336ABAF}.Ad-Hoc|ARM.ActiveCfg = Release|Any CPU
		{45E48E5F-26A8-4A90-A57B-2464D336ABAF}.Ad-Hoc|ARM.Build.0 = Release|Any CPU
		{45E48E5F-26A8-4A90-A57B-2464D336ABAF}.Ad-Hoc|ARM.Deploy.0 = Release|Any CPU
		{45E48E5F-26A8-4A90-A57B-2464D336ABAF}.Ad-Hoc|iPhone.ActiveCfg = Release|Any CPU
		{45E48E5F-26A8-4A90-A57B-2464D336ABAF}.Ad-Hoc|iPhone.Build.0 = Release|Any CPU
		{45E48E5F-26A8-4A90-A57B-2464D336ABAF}.Ad-Hoc|iPhone.Deploy.0 = Release|Any CPU
		{45E48E5F-26A8-4A90-A57B-2464D336ABAF}.Ad-Hoc|iPhoneSimulator.ActiveCfg = Release|Any CPU
		{45E48E5F-26A8-4A90-A57B-2464D336ABAF}.Ad-Hoc|iPhoneSimulator.Build.0 = Release|Any CPU
		{45E48E5F-26A8-4A90-A57B-2464D336ABAF}.Ad-Hoc|iPhoneSimulator.Deploy.0 = Release|Any CPU
		{45E48E5F-26A8-4A90-A57B-2464D336ABAF}.Ad-Hoc|x64.ActiveCfg = Release|Any CPU
		{45E48E5F-26A8-4A90-A57B-2464D336ABAF}.Ad-Hoc|x64.Build.0 = Release|Any CPU
		{45E48E5F-26A8-4A90-A57B-2464D336ABAF}.Ad-Hoc|x64.Deploy.0 = Release|Any CPU
		{45E48E5F-26A8-4A90-A57B-2464D336ABAF}.Ad-Hoc|x86.ActiveCfg = Release|Any CPU
		{45E48E5F-26A8-4A90-A57B-2464D336ABAF}.Ad-Hoc|x86.Build.0 = Release|Any CPU
		{45E48E5F-26A8-4A90-A57B-2464D336ABAF}.Ad-Hoc|x86.Deploy.0 = Release|Any CPU
		{45E48E5F-26A8-4A90-A57B-2464D336ABAF}.AppStore|Any CPU.ActiveCfg = Release|Any CPU
		{45E48E5F-26A8-4A90-A57B-2464D336ABAF}.AppStore|Any CPU.Build.0 = Release|Any CPU
		{45E48E5F-26A8-4A90-A57B-2464D336ABAF}.AppStore|Any CPU.Deploy.0 = Release|Any CPU
		{45E48E5F-26A8-4A90-A57B-2464D336ABAF}.AppStore|ARM.ActiveCfg = Release|Any CPU
		{45E48E5F-26A8-4A90-A57B-2464D336ABAF}.AppStore|ARM.Build.0 = Release|Any CPU
		{45E48E5F-26A8-4A90-A57B-2464D336ABAF}.AppStore|ARM.Deploy.0 = Release|Any CPU
		{45E48E5F-26A8-4A90-A57B-2464D336ABAF}.AppStore|iPhone.ActiveCfg = Release|Any CPU
		{45E48E5F-26A8-4A90-A57B-2464D336ABAF}.AppStore|iPhone.Build.0 = Release|Any CPU
		{45E48E5F-26A8-4A90-A57B-2464D336ABAF}.AppStore|iPhone.Deploy.0 = Release|Any CPU
		{45E48E5F-26A8-4A90-A57B-2464D336ABAF}.AppStore|iPhoneSimulator.ActiveCfg = Release|Any CPU
		{45E48E5F-26A8-4A90-A57B-2464D336ABAF}.AppStore|iPhoneSimulator.Build.0 = Release|Any CPU
		{45E48E5F-26A8-4A90-A57B-2464D336ABAF}.AppStore|iPhoneSimulator.Deploy.0 = Release|Any CPU
		{45E48E5F-26A8-4A90-A57B-2464D336ABAF}.AppStore|x64.ActiveCfg = Release|Any CPU
		{45E48E5F-26A8-4A90-A57B-2464D336ABAF}.AppStore|x64.Build.0 = Release|Any CPU
		{45E48E5F-26A8-4A90-A57B-2464D336ABAF}.AppStore|x64.Deploy.0 = Release|Any CPU
		{45E48E5F-26A8-4A90-A57B-2464D336ABAF}.AppStore|x86.ActiveCfg = Release|Any CPU
		{45E48E5F-26A8-4A90-A57B-2464D336ABAF}.AppStore|x86.Build.0 = Release|Any CPU
		{45E48E5F-26A8-4A90-A57B-2464D336ABAF}.AppStore|x86.Deploy.0 = Release|Any CPU
		{45E48E5F-26A8-4A90-A57B-2464D336ABAF}.Debug|Any CPU.ActiveCfg = Debug|Any CPU
		{45E48E5F-26A8-4A90-A57B-2464D336ABAF}.Debug|Any CPU.Build.0 = Debug|Any CPU
		{45E48E5F-26A8-4A90-A57B-2464D336ABAF}.Debug|Any CPU.Deploy.0 = Debug|Any CPU
		{45E48E5F-26A8-4A90-A57B-2464D336ABAF}.Debug|ARM.ActiveCfg = Debug|Any CPU
		{45E48E5F-26A8-4A90-A57B-2464D336ABAF}.Debug|ARM.Build.0 = Debug|Any CPU
		{45E48E5F-26A8-4A90-A57B-2464D336ABAF}.Debug|ARM.Deploy.0 = Debug|Any CPU
		{45E48E5F-26A8-4A90-A57B-2464D336ABAF}.Debug|iPhone.ActiveCfg = Debug|Any CPU
		{45E48E5F-26A8-4A90-A57B-2464D336ABAF}.Debug|iPhone.Build.0 = Debug|Any CPU
		{45E48E5F-26A8-4A90-A57B-2464D336ABAF}.Debug|iPhone.Deploy.0 = Debug|Any CPU
		{45E48E5F-26A8-4A90-A57B-2464D336ABAF}.Debug|iPhoneSimulator.ActiveCfg = Debug|Any CPU
		{45E48E5F-26A8-4A90-A57B-2464D336ABAF}.Debug|iPhoneSimulator.Build.0 = Debug|Any CPU
		{45E48E5F-26A8-4A90-A57B-2464D336ABAF}.Debug|iPhoneSimulator.Deploy.0 = Debug|Any CPU
		{45E48E5F-26A8-4A90-A57B-2464D336ABAF}.Debug|x64.ActiveCfg = Debug|Any CPU
		{45E48E5F-26A8-4A90-A57B-2464D336ABAF}.Debug|x64.Build.0 = Debug|Any CPU
		{45E48E5F-26A8-4A90-A57B-2464D336ABAF}.Debug|x64.Deploy.0 = Debug|Any CPU
		{45E48E5F-26A8-4A90-A57B-2464D336ABAF}.Debug|x86.ActiveCfg = Debug|Any CPU
		{45E48E5F-26A8-4A90-A57B-2464D336ABAF}.Debug|x86.Build.0 = Debug|Any CPU
		{45E48E5F-26A8-4A90-A57B-2464D336ABAF}.Debug|x86.Deploy.0 = Debug|Any CPU
		{45E48E5F-26A8-4A90-A57B-2464D336ABAF}.Release|Any CPU.ActiveCfg = Release|Any CPU
		{45E48E5F-26A8-4A90-A57B-2464D336ABAF}.Release|Any CPU.Build.0 = Release|Any CPU
		{45E48E5F-26A8-4A90-A57B-2464D336ABAF}.Release|Any CPU.Deploy.0 = Release|Any CPU
		{45E48E5F-26A8-4A90-A57B-2464D336ABAF}.Release|ARM.ActiveCfg = Release|Any CPU
		{45E48E5F-26A8-4A90-A57B-2464D336ABAF}.Release|ARM.Build.0 = Release|Any CPU
		{45E48E5F-26A8-4A90-A57B-2464D336ABAF}.Release|ARM.Deploy.0 = Release|Any CPU
		{45E48E5F-26A8-4A90-A57B-2464D336ABAF}.Release|iPhone.ActiveCfg = Release|Any CPU
		{45E48E5F-26A8-4A90-A57B-2464D336ABAF}.Release|iPhone.Build.0 = Release|Any CPU
		{45E48E5F-26A8-4A90-A57B-2464D336ABAF}.Release|iPhone.Deploy.0 = Release|Any CPU
		{45E48E5F-26A8-4A90-A57B-2464D336ABAF}.Release|iPhoneSimulator.ActiveCfg = Release|Any CPU
		{45E48E5F-26A8-4A90-A57B-2464D336ABAF}.Release|iPhoneSimulator.Build.0 = Release|Any CPU
		{45E48E5F-26A8-4A90-A57B-2464D336ABAF}.Release|iPhoneSimulator.Deploy.0 = Release|Any CPU
		{45E48E5F-26A8-4A90-A57B-2464D336ABAF}.Release|x64.ActiveCfg = Release|Any CPU
		{45E48E5F-26A8-4A90-A57B-2464D336ABAF}.Release|x64.Build.0 = Release|Any CPU
		{45E48E5F-26A8-4A90-A57B-2464D336ABAF}.Release|x64.Deploy.0 = Release|Any CPU
		{45E48E5F-26A8-4A90-A57B-2464D336ABAF}.Release|x86.ActiveCfg = Release|Any CPU
		{45E48E5F-26A8-4A90-A57B-2464D336ABAF}.Release|x86.Build.0 = Release|Any CPU
		{45E48E5F-26A8-4A90-A57B-2464D336ABAF}.Release|x86.Deploy.0 = Release|Any CPU
		{AF7B2403-20CE-4776-A917-3EA8D7AACD8B}.Ad-Hoc|Any CPU.ActiveCfg = Release|Any CPU
		{AF7B2403-20CE-4776-A917-3EA8D7AACD8B}.Ad-Hoc|Any CPU.Build.0 = Release|Any CPU
		{AF7B2403-20CE-4776-A917-3EA8D7AACD8B}.Ad-Hoc|ARM.ActiveCfg = Release|Any CPU
		{AF7B2403-20CE-4776-A917-3EA8D7AACD8B}.Ad-Hoc|ARM.Build.0 = Release|Any CPU
		{AF7B2403-20CE-4776-A917-3EA8D7AACD8B}.Ad-Hoc|iPhone.ActiveCfg = Release|Any CPU
		{AF7B2403-20CE-4776-A917-3EA8D7AACD8B}.Ad-Hoc|iPhone.Build.0 = Release|Any CPU
		{AF7B2403-20CE-4776-A917-3EA8D7AACD8B}.Ad-Hoc|iPhoneSimulator.ActiveCfg = Release|Any CPU
		{AF7B2403-20CE-4776-A917-3EA8D7AACD8B}.Ad-Hoc|iPhoneSimulator.Build.0 = Release|Any CPU
		{AF7B2403-20CE-4776-A917-3EA8D7AACD8B}.Ad-Hoc|x64.ActiveCfg = Release|Any CPU
		{AF7B2403-20CE-4776-A917-3EA8D7AACD8B}.Ad-Hoc|x64.Build.0 = Release|Any CPU
		{AF7B2403-20CE-4776-A917-3EA8D7AACD8B}.Ad-Hoc|x86.ActiveCfg = Release|Any CPU
		{AF7B2403-20CE-4776-A917-3EA8D7AACD8B}.Ad-Hoc|x86.Build.0 = Release|Any CPU
		{AF7B2403-20CE-4776-A917-3EA8D7AACD8B}.AppStore|Any CPU.ActiveCfg = Release|Any CPU
		{AF7B2403-20CE-4776-A917-3EA8D7AACD8B}.AppStore|Any CPU.Build.0 = Release|Any CPU
		{AF7B2403-20CE-4776-A917-3EA8D7AACD8B}.AppStore|ARM.ActiveCfg = Release|Any CPU
		{AF7B2403-20CE-4776-A917-3EA8D7AACD8B}.AppStore|ARM.Build.0 = Release|Any CPU
		{AF7B2403-20CE-4776-A917-3EA8D7AACD8B}.AppStore|iPhone.ActiveCfg = Release|Any CPU
		{AF7B2403-20CE-4776-A917-3EA8D7AACD8B}.AppStore|iPhone.Build.0 = Release|Any CPU
		{AF7B2403-20CE-4776-A917-3EA8D7AACD8B}.AppStore|iPhoneSimulator.ActiveCfg = Release|Any CPU
		{AF7B2403-20CE-4776-A917-3EA8D7AACD8B}.AppStore|iPhoneSimulator.Build.0 = Release|Any CPU
		{AF7B2403-20CE-4776-A917-3EA8D7AACD8B}.AppStore|x64.ActiveCfg = Release|Any CPU
		{AF7B2403-20CE-4776-A917-3EA8D7AACD8B}.AppStore|x64.Build.0 = Release|Any CPU
		{AF7B2403-20CE-4776-A917-3EA8D7AACD8B}.AppStore|x86.ActiveCfg = Release|Any CPU
		{AF7B2403-20CE-4776-A917-3EA8D7AACD8B}.AppStore|x86.Build.0 = Release|Any CPU
		{AF7B2403-20CE-4776-A917-3EA8D7AACD8B}.Debug|Any CPU.ActiveCfg = Debug|Any CPU
		{AF7B2403-20CE-4776-A917-3EA8D7AACD8B}.Debug|Any CPU.Build.0 = Debug|Any CPU
		{AF7B2403-20CE-4776-A917-3EA8D7AACD8B}.Debug|ARM.ActiveCfg = Debug|Any CPU
		{AF7B2403-20CE-4776-A917-3EA8D7AACD8B}.Debug|ARM.Build.0 = Debug|Any CPU
		{AF7B2403-20CE-4776-A917-3EA8D7AACD8B}.Debug|iPhone.ActiveCfg = Debug|Any CPU
		{AF7B2403-20CE-4776-A917-3EA8D7AACD8B}.Debug|iPhone.Build.0 = Debug|Any CPU
		{AF7B2403-20CE-4776-A917-3EA8D7AACD8B}.Debug|iPhoneSimulator.ActiveCfg = Debug|Any CPU
		{AF7B2403-20CE-4776-A917-3EA8D7AACD8B}.Debug|iPhoneSimulator.Build.0 = Debug|Any CPU
		{AF7B2403-20CE-4776-A917-3EA8D7AACD8B}.Debug|x64.ActiveCfg = Debug|Any CPU
		{AF7B2403-20CE-4776-A917-3EA8D7AACD8B}.Debug|x64.Build.0 = Debug|Any CPU
		{AF7B2403-20CE-4776-A917-3EA8D7AACD8B}.Debug|x86.ActiveCfg = Debug|Any CPU
		{AF7B2403-20CE-4776-A917-3EA8D7AACD8B}.Debug|x86.Build.0 = Debug|Any CPU
		{AF7B2403-20CE-4776-A917-3EA8D7AACD8B}.Release|Any CPU.ActiveCfg = Release|Any CPU
		{AF7B2403-20CE-4776-A917-3EA8D7AACD8B}.Release|Any CPU.Build.0 = Release|Any CPU
		{AF7B2403-20CE-4776-A917-3EA8D7AACD8B}.Release|ARM.ActiveCfg = Release|Any CPU
		{AF7B2403-20CE-4776-A917-3EA8D7AACD8B}.Release|ARM.Build.0 = Release|Any CPU
		{AF7B2403-20CE-4776-A917-3EA8D7AACD8B}.Release|iPhone.ActiveCfg = Release|Any CPU
		{AF7B2403-20CE-4776-A917-3EA8D7AACD8B}.Release|iPhone.Build.0 = Release|Any CPU
		{AF7B2403-20CE-4776-A917-3EA8D7AACD8B}.Release|iPhoneSimulator.ActiveCfg = Release|Any CPU
		{AF7B2403-20CE-4776-A917-3EA8D7AACD8B}.Release|iPhoneSimulator.Build.0 = Release|Any CPU
		{AF7B2403-20CE-4776-A917-3EA8D7AACD8B}.Release|x64.ActiveCfg = Release|Any CPU
		{AF7B2403-20CE-4776-A917-3EA8D7AACD8B}.Release|x64.Build.0 = Release|Any CPU
		{AF7B2403-20CE-4776-A917-3EA8D7AACD8B}.Release|x86.ActiveCfg = Release|Any CPU
		{AF7B2403-20CE-4776-A917-3EA8D7AACD8B}.Release|x86.Build.0 = Release|Any CPU
		{A9862BFA-0D0D-48C7-98D7-3BF1C4FDCDFC}.Ad-Hoc|Any CPU.ActiveCfg = Release|x86
		{A9862BFA-0D0D-48C7-98D7-3BF1C4FDCDFC}.Ad-Hoc|Any CPU.Build.0 = Release|x86
		{A9862BFA-0D0D-48C7-98D7-3BF1C4FDCDFC}.Ad-Hoc|Any CPU.Deploy.0 = Release|x86
		{A9862BFA-0D0D-48C7-98D7-3BF1C4FDCDFC}.Ad-Hoc|ARM.ActiveCfg = Release|ARM
		{A9862BFA-0D0D-48C7-98D7-3BF1C4FDCDFC}.Ad-Hoc|ARM.Build.0 = Release|ARM
		{A9862BFA-0D0D-48C7-98D7-3BF1C4FDCDFC}.Ad-Hoc|ARM.Deploy.0 = Release|ARM
		{A9862BFA-0D0D-48C7-98D7-3BF1C4FDCDFC}.Ad-Hoc|iPhone.ActiveCfg = Release|x86
		{A9862BFA-0D0D-48C7-98D7-3BF1C4FDCDFC}.Ad-Hoc|iPhone.Build.0 = Release|x86
		{A9862BFA-0D0D-48C7-98D7-3BF1C4FDCDFC}.Ad-Hoc|iPhone.Deploy.0 = Release|x86
		{A9862BFA-0D0D-48C7-98D7-3BF1C4FDCDFC}.Ad-Hoc|iPhoneSimulator.ActiveCfg = Release|x86
		{A9862BFA-0D0D-48C7-98D7-3BF1C4FDCDFC}.Ad-Hoc|iPhoneSimulator.Build.0 = Release|x86
		{A9862BFA-0D0D-48C7-98D7-3BF1C4FDCDFC}.Ad-Hoc|iPhoneSimulator.Deploy.0 = Release|x86
		{A9862BFA-0D0D-48C7-98D7-3BF1C4FDCDFC}.Ad-Hoc|x64.ActiveCfg = Release|x64
		{A9862BFA-0D0D-48C7-98D7-3BF1C4FDCDFC}.Ad-Hoc|x64.Build.0 = Release|x64
		{A9862BFA-0D0D-48C7-98D7-3BF1C4FDCDFC}.Ad-Hoc|x64.Deploy.0 = Release|x64
		{A9862BFA-0D0D-48C7-98D7-3BF1C4FDCDFC}.Ad-Hoc|x86.ActiveCfg = Release|x86
		{A9862BFA-0D0D-48C7-98D7-3BF1C4FDCDFC}.Ad-Hoc|x86.Build.0 = Release|x86
		{A9862BFA-0D0D-48C7-98D7-3BF1C4FDCDFC}.Ad-Hoc|x86.Deploy.0 = Release|x86
		{A9862BFA-0D0D-48C7-98D7-3BF1C4FDCDFC}.AppStore|Any CPU.ActiveCfg = Release|x86
		{A9862BFA-0D0D-48C7-98D7-3BF1C4FDCDFC}.AppStore|Any CPU.Build.0 = Release|x86
		{A9862BFA-0D0D-48C7-98D7-3BF1C4FDCDFC}.AppStore|Any CPU.Deploy.0 = Release|x86
		{A9862BFA-0D0D-48C7-98D7-3BF1C4FDCDFC}.AppStore|ARM.ActiveCfg = Release|ARM
		{A9862BFA-0D0D-48C7-98D7-3BF1C4FDCDFC}.AppStore|ARM.Build.0 = Release|ARM
		{A9862BFA-0D0D-48C7-98D7-3BF1C4FDCDFC}.AppStore|ARM.Deploy.0 = Release|ARM
		{A9862BFA-0D0D-48C7-98D7-3BF1C4FDCDFC}.AppStore|iPhone.ActiveCfg = Release|x86
		{A9862BFA-0D0D-48C7-98D7-3BF1C4FDCDFC}.AppStore|iPhone.Build.0 = Release|x86
		{A9862BFA-0D0D-48C7-98D7-3BF1C4FDCDFC}.AppStore|iPhone.Deploy.0 = Release|x86
		{A9862BFA-0D0D-48C7-98D7-3BF1C4FDCDFC}.AppStore|iPhoneSimulator.ActiveCfg = Release|x86
		{A9862BFA-0D0D-48C7-98D7-3BF1C4FDCDFC}.AppStore|iPhoneSimulator.Build.0 = Release|x86
		{A9862BFA-0D0D-48C7-98D7-3BF1C4FDCDFC}.AppStore|iPhoneSimulator.Deploy.0 = Release|x86
		{A9862BFA-0D0D-48C7-98D7-3BF1C4FDCDFC}.AppStore|x64.ActiveCfg = Release|x64
		{A9862BFA-0D0D-48C7-98D7-3BF1C4FDCDFC}.AppStore|x64.Build.0 = Release|x64
		{A9862BFA-0D0D-48C7-98D7-3BF1C4FDCDFC}.AppStore|x64.Deploy.0 = Release|x64
		{A9862BFA-0D0D-48C7-98D7-3BF1C4FDCDFC}.AppStore|x86.ActiveCfg = Release|x86
		{A9862BFA-0D0D-48C7-98D7-3BF1C4FDCDFC}.AppStore|x86.Build.0 = Release|x86
		{A9862BFA-0D0D-48C7-98D7-3BF1C4FDCDFC}.AppStore|x86.Deploy.0 = Release|x86
		{A9862BFA-0D0D-48C7-98D7-3BF1C4FDCDFC}.Debug|Any CPU.ActiveCfg = Debug|x86
		{A9862BFA-0D0D-48C7-98D7-3BF1C4FDCDFC}.Debug|ARM.ActiveCfg = Debug|ARM
		{A9862BFA-0D0D-48C7-98D7-3BF1C4FDCDFC}.Debug|ARM.Build.0 = Debug|ARM
		{A9862BFA-0D0D-48C7-98D7-3BF1C4FDCDFC}.Debug|ARM.Deploy.0 = Debug|ARM
		{A9862BFA-0D0D-48C7-98D7-3BF1C4FDCDFC}.Debug|iPhone.ActiveCfg = Debug|x86
		{A9862BFA-0D0D-48C7-98D7-3BF1C4FDCDFC}.Debug|iPhoneSimulator.ActiveCfg = Debug|x86
		{A9862BFA-0D0D-48C7-98D7-3BF1C4FDCDFC}.Debug|x64.ActiveCfg = Debug|x64
		{A9862BFA-0D0D-48C7-98D7-3BF1C4FDCDFC}.Debug|x64.Build.0 = Debug|x64
		{A9862BFA-0D0D-48C7-98D7-3BF1C4FDCDFC}.Debug|x64.Deploy.0 = Debug|x64
		{A9862BFA-0D0D-48C7-98D7-3BF1C4FDCDFC}.Debug|x86.ActiveCfg = Debug|x86
		{A9862BFA-0D0D-48C7-98D7-3BF1C4FDCDFC}.Debug|x86.Build.0 = Debug|x86
		{A9862BFA-0D0D-48C7-98D7-3BF1C4FDCDFC}.Debug|x86.Deploy.0 = Debug|x86
		{A9862BFA-0D0D-48C7-98D7-3BF1C4FDCDFC}.Release|Any CPU.ActiveCfg = Release|x86
		{A9862BFA-0D0D-48C7-98D7-3BF1C4FDCDFC}.Release|ARM.ActiveCfg = Release|ARM
		{A9862BFA-0D0D-48C7-98D7-3BF1C4FDCDFC}.Release|ARM.Build.0 = Release|ARM
		{A9862BFA-0D0D-48C7-98D7-3BF1C4FDCDFC}.Release|ARM.Deploy.0 = Release|ARM
		{A9862BFA-0D0D-48C7-98D7-3BF1C4FDCDFC}.Release|iPhone.ActiveCfg = Release|x86
		{A9862BFA-0D0D-48C7-98D7-3BF1C4FDCDFC}.Release|iPhoneSimulator.ActiveCfg = Release|x86
		{A9862BFA-0D0D-48C7-98D7-3BF1C4FDCDFC}.Release|x64.ActiveCfg = Release|x64
		{A9862BFA-0D0D-48C7-98D7-3BF1C4FDCDFC}.Release|x64.Build.0 = Release|x64
		{A9862BFA-0D0D-48C7-98D7-3BF1C4FDCDFC}.Release|x64.Deploy.0 = Release|x64
		{A9862BFA-0D0D-48C7-98D7-3BF1C4FDCDFC}.Release|x86.ActiveCfg = Release|x86
		{A9862BFA-0D0D-48C7-98D7-3BF1C4FDCDFC}.Release|x86.Build.0 = Release|x86
		{A9862BFA-0D0D-48C7-98D7-3BF1C4FDCDFC}.Release|x86.Deploy.0 = Release|x86
		{C82D6629-388F-4100-9F84-3C040F4393AD}.Ad-Hoc|Any CPU.ActiveCfg = Ad-Hoc|iPhone
		{C82D6629-388F-4100-9F84-3C040F4393AD}.Ad-Hoc|ARM.ActiveCfg = Ad-Hoc|iPhone
		{C82D6629-388F-4100-9F84-3C040F4393AD}.Ad-Hoc|iPhone.ActiveCfg = Ad-Hoc|iPhone
		{C82D6629-388F-4100-9F84-3C040F4393AD}.Ad-Hoc|iPhone.Build.0 = Ad-Hoc|iPhone
		{C82D6629-388F-4100-9F84-3C040F4393AD}.Ad-Hoc|iPhoneSimulator.ActiveCfg = Ad-Hoc|iPhoneSimulator
		{C82D6629-388F-4100-9F84-3C040F4393AD}.Ad-Hoc|iPhoneSimulator.Build.0 = Ad-Hoc|iPhoneSimulator
		{C82D6629-388F-4100-9F84-3C040F4393AD}.Ad-Hoc|x64.ActiveCfg = Ad-Hoc|iPhone
		{C82D6629-388F-4100-9F84-3C040F4393AD}.Ad-Hoc|x86.ActiveCfg = Ad-Hoc|iPhone
		{C82D6629-388F-4100-9F84-3C040F4393AD}.AppStore|Any CPU.ActiveCfg = AppStore|iPhone
		{C82D6629-388F-4100-9F84-3C040F4393AD}.AppStore|ARM.ActiveCfg = AppStore|iPhone
		{C82D6629-388F-4100-9F84-3C040F4393AD}.AppStore|iPhone.ActiveCfg = AppStore|iPhone
		{C82D6629-388F-4100-9F84-3C040F4393AD}.AppStore|iPhone.Build.0 = AppStore|iPhone
		{C82D6629-388F-4100-9F84-3C040F4393AD}.AppStore|iPhoneSimulator.ActiveCfg = AppStore|iPhoneSimulator
		{C82D6629-388F-4100-9F84-3C040F4393AD}.AppStore|iPhoneSimulator.Build.0 = AppStore|iPhoneSimulator
		{C82D6629-388F-4100-9F84-3C040F4393AD}.AppStore|x64.ActiveCfg = AppStore|iPhone
		{C82D6629-388F-4100-9F84-3C040F4393AD}.AppStore|x86.ActiveCfg = AppStore|iPhone
		{C82D6629-388F-4100-9F84-3C040F4393AD}.Debug|Any CPU.ActiveCfg = Debug|iPhone
		{C82D6629-388F-4100-9F84-3C040F4393AD}.Debug|ARM.ActiveCfg = Debug|iPhone
		{C82D6629-388F-4100-9F84-3C040F4393AD}.Debug|iPhone.ActiveCfg = Debug|iPhone
		{C82D6629-388F-4100-9F84-3C040F4393AD}.Debug|iPhone.Build.0 = Debug|iPhone
		{C82D6629-388F-4100-9F84-3C040F4393AD}.Debug|iPhoneSimulator.ActiveCfg = Debug|iPhoneSimulator
		{C82D6629-388F-4100-9F84-3C040F4393AD}.Debug|iPhoneSimulator.Build.0 = Debug|iPhoneSimulator
		{C82D6629-388F-4100-9F84-3C040F4393AD}.Debug|x64.ActiveCfg = Debug|iPhone
		{C82D6629-388F-4100-9F84-3C040F4393AD}.Debug|x86.ActiveCfg = Debug|iPhone
		{C82D6629-388F-4100-9F84-3C040F4393AD}.Release|Any CPU.ActiveCfg = Release|iPhone
		{C82D6629-388F-4100-9F84-3C040F4393AD}.Release|ARM.ActiveCfg = Release|iPhone
		{C82D6629-388F-4100-9F84-3C040F4393AD}.Release|iPhone.ActiveCfg = Release|iPhone
		{C82D6629-388F-4100-9F84-3C040F4393AD}.Release|iPhone.Build.0 = Release|iPhone
		{C82D6629-388F-4100-9F84-3C040F4393AD}.Release|iPhoneSimulator.ActiveCfg = Release|iPhoneSimulator
		{C82D6629-388F-4100-9F84-3C040F4393AD}.Release|iPhoneSimulator.Build.0 = Release|iPhoneSimulator
		{C82D6629-388F-4100-9F84-3C040F4393AD}.Release|x64.ActiveCfg = Release|iPhone
		{C82D6629-388F-4100-9F84-3C040F4393AD}.Release|x86.ActiveCfg = Release|iPhone
	EndGlobalSection
	GlobalSection(SolutionProperties) = preSolution
		HideSolutionNode = FALSE
	EndGlobalSection
	GlobalSection(ExtensibilityGlobals) = postSolution
		SolutionGuid = {071C0A93-B0C3-4F60-B7D7-89827FAEF687}
	EndGlobalSection
EndGlobal
